// !$*UTF8*$!
{
	archiveVersion = 1;
	classes = {
	};
	objectVersion = 51;
	objects = {

/* Begin PBXBuildFile section */
		407760EE23883A5200A8398F /* AppDelegate.swift in Sources */ = {isa = PBXBuildFile; fileRef = 407760ED23883A5200A8398F /* AppDelegate.swift */; };
		407760F023883A5200A8398F /* SceneDelegate.swift in Sources */ = {isa = PBXBuildFile; fileRef = 407760EF23883A5200A8398F /* SceneDelegate.swift */; };
		407760F523883A5200A8398F /* Main.storyboard in Resources */ = {isa = PBXBuildFile; fileRef = 407760F323883A5200A8398F /* Main.storyboard */; };
		407760F723883A6200A8398F /* Assets.xcassets in Resources */ = {isa = PBXBuildFile; fileRef = 407760F623883A6200A8398F /* Assets.xcassets */; };
		407760FA23883A6200A8398F /* LaunchScreen.storyboard in Resources */ = {isa = PBXBuildFile; fileRef = 407760F823883A6200A8398F /* LaunchScreen.storyboard */; };
		4077610523883A6200A8398F /* DiscoverTests.swift in Sources */ = {isa = PBXBuildFile; fileRef = 4077610423883A6200A8398F /* DiscoverTests.swift */; };
		4077611023883A6300A8398F /* DiscoverUITests.swift in Sources */ = {isa = PBXBuildFile; fileRef = 4077610F23883A6300A8398F /* DiscoverUITests.swift */; };
		4077612023883C2300A8398F /* SignInViewController.swift in Sources */ = {isa = PBXBuildFile; fileRef = 4077611F23883C2300A8398F /* SignInViewController.swift */; };
		40C971DE238935CE006AA49E /* SignUpViewController.swift in Sources */ = {isa = PBXBuildFile; fileRef = 40C971DD238935CE006AA49E /* SignUpViewController.swift */; };
		40C971E0238936C7006AA49E /* InitialViewController.swift in Sources */ = {isa = PBXBuildFile; fileRef = 40C971DF238936C7006AA49E /* InitialViewController.swift */; };
		40C971E223894CE5006AA49E /* ProfileViewController.swift in Sources */ = {isa = PBXBuildFile; fileRef = 40C971E123894CE5006AA49E /* ProfileViewController.swift */; };
		40C971E423894CF6006AA49E /* NotificationViewController.swift in Sources */ = {isa = PBXBuildFile; fileRef = 40C971E323894CF6006AA49E /* NotificationViewController.swift */; };
		40C971E623894D5B006AA49E /* HomeViewController.swift in Sources */ = {isa = PBXBuildFile; fileRef = 40C971E523894D5B006AA49E /* HomeViewController.swift */; };
		40C971E923894F3B006AA49E /* DiscoverViewController.swift in Sources */ = {isa = PBXBuildFile; fileRef = 40C971E823894F3B006AA49E /* DiscoverViewController.swift */; };
		40C9723923898726006AA49E /* GoogleService-Info.plist in Resources */ = {isa = PBXBuildFile; fileRef = 40C9723823898726006AA49E /* GoogleService-Info.plist */; };
		40C9723A23898726006AA49E /* GoogleService-Info.plist in Resources */ = {isa = PBXBuildFile; fileRef = 40C9723823898726006AA49E /* GoogleService-Info.plist */; };
		40C9723B23898726006AA49E /* GoogleService-Info.plist in Resources */ = {isa = PBXBuildFile; fileRef = 40C9723823898726006AA49E /* GoogleService-Info.plist */; };
		A1DF91C8EDB2D6BAEEE86C55 /* Pods_Discover.framework in Frameworks */ = {isa = PBXBuildFile; fileRef = 6F2556E1B57E39DEA4C1BFB6 /* Pods_Discover.framework */; };
		F15E2C35FE6A30383105C0A3 /* Pods_DiscoverTests.framework in Frameworks */ = {isa = PBXBuildFile; fileRef = 1A36A68F4432B404ED0CA2EA /* Pods_DiscoverTests.framework */; };
		F3E52EFB36D62FDD3E9C17C6 /* Pods_Discover_DiscoverUITests.framework in Frameworks */ = {isa = PBXBuildFile; fileRef = 8961905D3B5803E5BC5E9C97 /* Pods_Discover_DiscoverUITests.framework */; };
/* End PBXBuildFile section */

/* Begin PBXContainerItemProxy section */
		4077610123883A6200A8398F /* PBXContainerItemProxy */ = {
			isa = PBXContainerItemProxy;
			containerPortal = 407760E223883A5200A8398F /* Project object */;
			proxyType = 1;
			remoteGlobalIDString = 407760E923883A5200A8398F;
			remoteInfo = Discover;
		};
		4077610C23883A6200A8398F /* PBXContainerItemProxy */ = {
			isa = PBXContainerItemProxy;
			containerPortal = 407760E223883A5200A8398F /* Project object */;
			proxyType = 1;
			remoteGlobalIDString = 407760E923883A5200A8398F;
			remoteInfo = Discover;
		};
/* End PBXContainerItemProxy section */

/* Begin PBXFileReference section */
		13FACAB5965660E55456E6C5 /* Pods-Discover-DiscoverUITests.release.xcconfig */ = {isa = PBXFileReference; includeInIndex = 1; lastKnownFileType = text.xcconfig; name = "Pods-Discover-DiscoverUITests.release.xcconfig"; path = "Target Support Files/Pods-Discover-DiscoverUITests/Pods-Discover-DiscoverUITests.release.xcconfig"; sourceTree = "<group>"; };
		1A36A68F4432B404ED0CA2EA /* Pods_DiscoverTests.framework */ = {isa = PBXFileReference; explicitFileType = wrapper.framework; includeInIndex = 0; path = Pods_DiscoverTests.framework; sourceTree = BUILT_PRODUCTS_DIR; };
		216DA6C8E617EF542924710A /* Pods-Discover-DiscoverUITests.debug.xcconfig */ = {isa = PBXFileReference; includeInIndex = 1; lastKnownFileType = text.xcconfig; name = "Pods-Discover-DiscoverUITests.debug.xcconfig"; path = "Target Support Files/Pods-Discover-DiscoverUITests/Pods-Discover-DiscoverUITests.debug.xcconfig"; sourceTree = "<group>"; };
		407760EA23883A5200A8398F /* Discover.app */ = {isa = PBXFileReference; explicitFileType = wrapper.application; includeInIndex = 0; path = Discover.app; sourceTree = BUILT_PRODUCTS_DIR; };
		407760ED23883A5200A8398F /* AppDelegate.swift */ = {isa = PBXFileReference; lastKnownFileType = sourcecode.swift; path = AppDelegate.swift; sourceTree = "<group>"; };
		407760EF23883A5200A8398F /* SceneDelegate.swift */ = {isa = PBXFileReference; lastKnownFileType = sourcecode.swift; path = SceneDelegate.swift; sourceTree = "<group>"; };
		407760F423883A5200A8398F /* Base */ = {isa = PBXFileReference; lastKnownFileType = file.storyboard; name = Base; path = Base.lproj/Main.storyboard; sourceTree = "<group>"; };
		407760F623883A6200A8398F /* Assets.xcassets */ = {isa = PBXFileReference; lastKnownFileType = folder.assetcatalog; path = Assets.xcassets; sourceTree = "<group>"; };
		407760F923883A6200A8398F /* Base */ = {isa = PBXFileReference; lastKnownFileType = file.storyboard; name = Base; path = Base.lproj/LaunchScreen.storyboard; sourceTree = "<group>"; };
		407760FB23883A6200A8398F /* Info.plist */ = {isa = PBXFileReference; lastKnownFileType = text.plist.xml; path = Info.plist; sourceTree = "<group>"; };
		4077610023883A6200A8398F /* DiscoverTests.xctest */ = {isa = PBXFileReference; explicitFileType = wrapper.cfbundle; includeInIndex = 0; path = DiscoverTests.xctest; sourceTree = BUILT_PRODUCTS_DIR; };
		4077610423883A6200A8398F /* DiscoverTests.swift */ = {isa = PBXFileReference; lastKnownFileType = sourcecode.swift; path = DiscoverTests.swift; sourceTree = "<group>"; };
		4077610623883A6200A8398F /* Info.plist */ = {isa = PBXFileReference; lastKnownFileType = text.plist.xml; path = Info.plist; sourceTree = "<group>"; };
		4077610B23883A6200A8398F /* DiscoverUITests.xctest */ = {isa = PBXFileReference; explicitFileType = wrapper.cfbundle; includeInIndex = 0; path = DiscoverUITests.xctest; sourceTree = BUILT_PRODUCTS_DIR; };
		4077610F23883A6300A8398F /* DiscoverUITests.swift */ = {isa = PBXFileReference; lastKnownFileType = sourcecode.swift; path = DiscoverUITests.swift; sourceTree = "<group>"; };
		4077611123883A6300A8398F /* Info.plist */ = {isa = PBXFileReference; lastKnownFileType = text.plist.xml; path = Info.plist; sourceTree = "<group>"; };
		4077611F23883C2300A8398F /* SignInViewController.swift */ = {isa = PBXFileReference; lastKnownFileType = sourcecode.swift; path = SignInViewController.swift; sourceTree = "<group>"; };
		40C971DD238935CE006AA49E /* SignUpViewController.swift */ = {isa = PBXFileReference; lastKnownFileType = sourcecode.swift; path = SignUpViewController.swift; sourceTree = "<group>"; };
		40C971DF238936C7006AA49E /* InitialViewController.swift */ = {isa = PBXFileReference; lastKnownFileType = sourcecode.swift; path = InitialViewController.swift; sourceTree = "<group>"; };
		40C971E123894CE5006AA49E /* ProfileViewController.swift */ = {isa = PBXFileReference; lastKnownFileType = sourcecode.swift; path = ProfileViewController.swift; sourceTree = "<group>"; };
		40C971E323894CF6006AA49E /* NotificationViewController.swift */ = {isa = PBXFileReference; lastKnownFileType = sourcecode.swift; path = NotificationViewController.swift; sourceTree = "<group>"; };
		40C971E523894D5B006AA49E /* HomeViewController.swift */ = {isa = PBXFileReference; lastKnownFileType = sourcecode.swift; path = HomeViewController.swift; sourceTree = "<group>"; };
		40C971E823894F3B006AA49E /* DiscoverViewController.swift */ = {isa = PBXFileReference; lastKnownFileType = sourcecode.swift; path = DiscoverViewController.swift; sourceTree = "<group>"; };
		40C9723823898726006AA49E /* GoogleService-Info.plist */ = {isa = PBXFileReference; fileEncoding = 4; lastKnownFileType = text.plist.xml; path = "GoogleService-Info.plist"; sourceTree = "<group>"; };
		4F04750E41432CC1B95F21FC /* Pods-DiscoverTests.debug.xcconfig */ = {isa = PBXFileReference; includeInIndex = 1; lastKnownFileType = text.xcconfig; name = "Pods-DiscoverTests.debug.xcconfig"; path = "Target Support Files/Pods-DiscoverTests/Pods-DiscoverTests.debug.xcconfig"; sourceTree = "<group>"; };
		6F2556E1B57E39DEA4C1BFB6 /* Pods_Discover.framework */ = {isa = PBXFileReference; explicitFileType = wrapper.framework; includeInIndex = 0; path = Pods_Discover.framework; sourceTree = BUILT_PRODUCTS_DIR; };
		8961905D3B5803E5BC5E9C97 /* Pods_Discover_DiscoverUITests.framework */ = {isa = PBXFileReference; explicitFileType = wrapper.framework; includeInIndex = 0; path = Pods_Discover_DiscoverUITests.framework; sourceTree = BUILT_PRODUCTS_DIR; };
		B2D311CE99F6135BBF5D9542 /* Pods-Discover.debug.xcconfig */ = {isa = PBXFileReference; includeInIndex = 1; lastKnownFileType = text.xcconfig; name = "Pods-Discover.debug.xcconfig"; path = "Target Support Files/Pods-Discover/Pods-Discover.debug.xcconfig"; sourceTree = "<group>"; };
		B3FA3A650DE14249CF929E6F /* Pods-Discover.release.xcconfig */ = {isa = PBXFileReference; includeInIndex = 1; lastKnownFileType = text.xcconfig; name = "Pods-Discover.release.xcconfig"; path = "Target Support Files/Pods-Discover/Pods-Discover.release.xcconfig"; sourceTree = "<group>"; };
		F4EDC63DC1DCF7A7945A036E /* Pods-DiscoverTests.release.xcconfig */ = {isa = PBXFileReference; includeInIndex = 1; lastKnownFileType = text.xcconfig; name = "Pods-DiscoverTests.release.xcconfig"; path = "Target Support Files/Pods-DiscoverTests/Pods-DiscoverTests.release.xcconfig"; sourceTree = "<group>"; };
/* End PBXFileReference section */

/* Begin PBXFrameworksBuildPhase section */
		407760E723883A5200A8398F /* Frameworks */ = {
			isa = PBXFrameworksBuildPhase;
			buildActionMask = 2147483647;
			files = (
				A1DF91C8EDB2D6BAEEE86C55 /* Pods_Discover.framework in Frameworks */,
			);
			runOnlyForDeploymentPostprocessing = 0;
		};
		407760FD23883A6200A8398F /* Frameworks */ = {
			isa = PBXFrameworksBuildPhase;
			buildActionMask = 2147483647;
			files = (
				F15E2C35FE6A30383105C0A3 /* Pods_DiscoverTests.framework in Frameworks */,
			);
			runOnlyForDeploymentPostprocessing = 0;
		};
		4077610823883A6200A8398F /* Frameworks */ = {
			isa = PBXFrameworksBuildPhase;
			buildActionMask = 2147483647;
			files = (
				F3E52EFB36D62FDD3E9C17C6 /* Pods_Discover_DiscoverUITests.framework in Frameworks */,
			);
			runOnlyForDeploymentPostprocessing = 0;
		};
/* End PBXFrameworksBuildPhase section */

/* Begin PBXGroup section */
		311544608A8B4CE7D98329D4 /* Pods */ = {
			isa = PBXGroup;
			children = (
				B2D311CE99F6135BBF5D9542 /* Pods-Discover.debug.xcconfig */,
				B3FA3A650DE14249CF929E6F /* Pods-Discover.release.xcconfig */,
				216DA6C8E617EF542924710A /* Pods-Discover-DiscoverUITests.debug.xcconfig */,
				13FACAB5965660E55456E6C5 /* Pods-Discover-DiscoverUITests.release.xcconfig */,
				4F04750E41432CC1B95F21FC /* Pods-DiscoverTests.debug.xcconfig */,
				F4EDC63DC1DCF7A7945A036E /* Pods-DiscoverTests.release.xcconfig */,
			);
			path = Pods;
			sourceTree = "<group>";
		};
		407760E123883A5200A8398F = {
			isa = PBXGroup;
			children = (
				407760EC23883A5200A8398F /* Discover */,
				4077610323883A6200A8398F /* DiscoverTests */,
				4077610E23883A6300A8398F /* DiscoverUITests */,
				407760EB23883A5200A8398F /* Products */,
				311544608A8B4CE7D98329D4 /* Pods */,
				4292B9762C37ADCC4FB9A961 /* Frameworks */,
			);
			sourceTree = "<group>";
		};
		407760EB23883A5200A8398F /* Products */ = {
			isa = PBXGroup;
			children = (
				407760EA23883A5200A8398F /* Discover.app */,
				4077610023883A6200A8398F /* DiscoverTests.xctest */,
				4077610B23883A6200A8398F /* DiscoverUITests.xctest */,
			);
			name = Products;
			sourceTree = "<group>";
		};
		407760EC23883A5200A8398F /* Discover */ = {
			isa = PBXGroup;
			children = (
				40C971EC238965F2006AA49E /* Controller */,
				40C971EB238965EE006AA49E /* View */,
				40C971EA238965E9006AA49E /* Model */,
				407760F623883A6200A8398F /* Assets.xcassets */,
				40C9723823898726006AA49E /* GoogleService-Info.plist */,
				407760FB23883A6200A8398F /* Info.plist */,
			);
			path = Discover;
			sourceTree = "<group>";
		};
		4077610323883A6200A8398F /* DiscoverTests */ = {
			isa = PBXGroup;
			children = (
				4077610423883A6200A8398F /* DiscoverTests.swift */,
				4077610623883A6200A8398F /* Info.plist */,
			);
			path = DiscoverTests;
			sourceTree = "<group>";
		};
		4077610E23883A6300A8398F /* DiscoverUITests */ = {
			isa = PBXGroup;
			children = (
				4077610F23883A6300A8398F /* DiscoverUITests.swift */,
				4077611123883A6300A8398F /* Info.plist */,
			);
			path = DiscoverUITests;
			sourceTree = "<group>";
		};
		40C971EA238965E9006AA49E /* Model */ = {
			isa = PBXGroup;
			children = (
			);
			path = Model;
			sourceTree = "<group>";
		};
		40C971EB238965EE006AA49E /* View */ = {
			isa = PBXGroup;
			children = (
				407760F323883A5200A8398F /* Main.storyboard */,
				407760F823883A6200A8398F /* LaunchScreen.storyboard */,
			);
			path = View;
			sourceTree = "<group>";
		};
		40C971EC238965F2006AA49E /* Controller */ = {
			isa = PBXGroup;
			children = (
				407760ED23883A5200A8398F /* AppDelegate.swift */,
				407760EF23883A5200A8398F /* SceneDelegate.swift */,
				4077611F23883C2300A8398F /* SignInViewController.swift */,
				40C971DD238935CE006AA49E /* SignUpViewController.swift */,
				40C971DF238936C7006AA49E /* InitialViewController.swift */,
				40C971E123894CE5006AA49E /* ProfileViewController.swift */,
				40C971E323894CF6006AA49E /* NotificationViewController.swift */,
				40C971E523894D5B006AA49E /* HomeViewController.swift */,
				40C971E823894F3B006AA49E /* DiscoverViewController.swift */,
			);
			path = Controller;
			sourceTree = "<group>";
		};
		4292B9762C37ADCC4FB9A961 /* Frameworks */ = {
			isa = PBXGroup;
			children = (
				6F2556E1B57E39DEA4C1BFB6 /* Pods_Discover.framework */,
				8961905D3B5803E5BC5E9C97 /* Pods_Discover_DiscoverUITests.framework */,
				1A36A68F4432B404ED0CA2EA /* Pods_DiscoverTests.framework */,
			);
			name = Frameworks;
			sourceTree = "<group>";
		};
/* End PBXGroup section */

/* Begin PBXNativeTarget section */
		407760E923883A5200A8398F /* Discover */ = {
			isa = PBXNativeTarget;
			buildConfigurationList = 4077611423883A6300A8398F /* Build configuration list for PBXNativeTarget "Discover" */;
			buildPhases = (
				7F00D11A42E3C686F3AAA884 /* [CP] Check Pods Manifest.lock */,
				407760E623883A5200A8398F /* Sources */,
				407760E723883A5200A8398F /* Frameworks */,
				407760E823883A5200A8398F /* Resources */,
				B654E9555121775C277342E2 /* [CP] Embed Pods Frameworks */,
			);
			buildRules = (
			);
			dependencies = (
			);
			name = Discover;
			productName = Discover;
			productReference = 407760EA23883A5200A8398F /* Discover.app */;
			productType = "com.apple.product-type.application";
		};
		407760FF23883A6200A8398F /* DiscoverTests */ = {
			isa = PBXNativeTarget;
			buildConfigurationList = 4077611723883A6300A8398F /* Build configuration list for PBXNativeTarget "DiscoverTests" */;
			buildPhases = (
				AFEC878412197DE86F60A41B /* [CP] Check Pods Manifest.lock */,
				407760FC23883A6200A8398F /* Sources */,
				407760FD23883A6200A8398F /* Frameworks */,
				407760FE23883A6200A8398F /* Resources */,
				3FEBCBD0F5217C009D563726 /* [CP] Embed Pods Frameworks */,
			);
			buildRules = (
			);
			dependencies = (
				4077610223883A6200A8398F /* PBXTargetDependency */,
			);
			name = DiscoverTests;
			productName = DiscoverTests;
			productReference = 4077610023883A6200A8398F /* DiscoverTests.xctest */;
			productType = "com.apple.product-type.bundle.unit-test";
		};
		4077610A23883A6200A8398F /* DiscoverUITests */ = {
			isa = PBXNativeTarget;
			buildConfigurationList = 4077611A23883A6300A8398F /* Build configuration list for PBXNativeTarget "DiscoverUITests" */;
			buildPhases = (
				0A0548E58EAFE504FBAD0339 /* [CP] Check Pods Manifest.lock */,
				4077610723883A6200A8398F /* Sources */,
				4077610823883A6200A8398F /* Frameworks */,
				4077610923883A6200A8398F /* Resources */,
				5EE33BCD3BFB1D6AB6DB245B /* [CP] Embed Pods Frameworks */,
			);
			buildRules = (
			);
			dependencies = (
				4077610D23883A6200A8398F /* PBXTargetDependency */,
			);
			name = DiscoverUITests;
			productName = DiscoverUITests;
			productReference = 4077610B23883A6200A8398F /* DiscoverUITests.xctest */;
			productType = "com.apple.product-type.bundle.ui-testing";
		};
/* End PBXNativeTarget section */

/* Begin PBXProject section */
		407760E223883A5200A8398F /* Project object */ = {
			isa = PBXProject;
			attributes = {
				LastSwiftUpdateCheck = 1120;
				LastUpgradeCheck = 1120;
				ORGANIZATIONNAME = "Samuel Esposito";
				TargetAttributes = {
					407760E923883A5200A8398F = {
						CreatedOnToolsVersion = 11.2.1;
					};
					407760FF23883A6200A8398F = {
						CreatedOnToolsVersion = 11.2.1;
						TestTargetID = 407760E923883A5200A8398F;
					};
					4077610A23883A6200A8398F = {
						CreatedOnToolsVersion = 11.2.1;
						TestTargetID = 407760E923883A5200A8398F;
					};
				};
			};
			buildConfigurationList = 407760E523883A5200A8398F /* Build configuration list for PBXProject "Discover" */;
			compatibilityVersion = "Xcode 9.3";
			developmentRegion = en;
			hasScannedForEncodings = 0;
			knownRegions = (
				en,
				Base,
			);
			mainGroup = 407760E123883A5200A8398F;
			productRefGroup = 407760EB23883A5200A8398F /* Products */;
			projectDirPath = "";
			projectRoot = "";
			targets = (
				407760E923883A5200A8398F /* Discover */,
				407760FF23883A6200A8398F /* DiscoverTests */,
				4077610A23883A6200A8398F /* DiscoverUITests */,
			);
		};
/* End PBXProject section */

/* Begin PBXResourcesBuildPhase section */
		407760E823883A5200A8398F /* Resources */ = {
			isa = PBXResourcesBuildPhase;
			buildActionMask = 2147483647;
			files = (
				407760FA23883A6200A8398F /* LaunchScreen.storyboard in Resources */,
				40C9723923898726006AA49E /* GoogleService-Info.plist in Resources */,
				407760F723883A6200A8398F /* Assets.xcassets in Resources */,
				407760F523883A5200A8398F /* Main.storyboard in Resources */,
			);
			runOnlyForDeploymentPostprocessing = 0;
		};
		407760FE23883A6200A8398F /* Resources */ = {
			isa = PBXResourcesBuildPhase;
			buildActionMask = 2147483647;
			files = (
				40C9723A23898726006AA49E /* GoogleService-Info.plist in Resources */,
			);
			runOnlyForDeploymentPostprocessing = 0;
		};
		4077610923883A6200A8398F /* Resources */ = {
			isa = PBXResourcesBuildPhase;
			buildActionMask = 2147483647;
			files = (
				40C9723B23898726006AA49E /* GoogleService-Info.plist in Resources */,
			);
			runOnlyForDeploymentPostprocessing = 0;
		};
/* End PBXResourcesBuildPhase section */

/* Begin PBXShellScriptBuildPhase section */
		0A0548E58EAFE504FBAD0339 /* [CP] Check Pods Manifest.lock */ = {
			isa = PBXShellScriptBuildPhase;
			buildActionMask = 2147483647;
			files = (
			);
			inputFileListPaths = (
			);
			inputPaths = (
				"${PODS_PODFILE_DIR_PATH}/Podfile.lock",
				"${PODS_ROOT}/Manifest.lock",
			);
			name = "[CP] Check Pods Manifest.lock";
			outputFileListPaths = (
			);
			outputPaths = (
				"$(DERIVED_FILE_DIR)/Pods-Discover-DiscoverUITests-checkManifestLockResult.txt",
			);
			runOnlyForDeploymentPostprocessing = 0;
			shellPath = /bin/sh;
			shellScript = "diff \"${PODS_PODFILE_DIR_PATH}/Podfile.lock\" \"${PODS_ROOT}/Manifest.lock\" > /dev/null\nif [ $? != 0 ] ; then\n    # print error to STDERR\n    echo \"error: The sandbox is not in sync with the Podfile.lock. Run 'pod install' or update your CocoaPods installation.\" >&2\n    exit 1\nfi\n# This output is used by Xcode 'outputs' to avoid re-running this script phase.\necho \"SUCCESS\" > \"${SCRIPT_OUTPUT_FILE_0}\"\n";
			showEnvVarsInLog = 0;
		};
		3FEBCBD0F5217C009D563726 /* [CP] Embed Pods Frameworks */ = {
			isa = PBXShellScriptBuildPhase;
			buildActionMask = 2147483647;
			files = (
			);
			inputFileListPaths = (
				"${PODS_ROOT}/Target Support Files/Pods-DiscoverTests/Pods-DiscoverTests-frameworks-${CONFIGURATION}-input-files.xcfilelist",
			);
			name = "[CP] Embed Pods Frameworks";
			outputFileListPaths = (
				"${PODS_ROOT}/Target Support Files/Pods-DiscoverTests/Pods-DiscoverTests-frameworks-${CONFIGURATION}-output-files.xcfilelist",
			);
			runOnlyForDeploymentPostprocessing = 0;
			shellPath = /bin/sh;
			shellScript = "\"${PODS_ROOT}/Target Support Files/Pods-DiscoverTests/Pods-DiscoverTests-frameworks.sh\"\n";
			showEnvVarsInLog = 0;
		};
		5EE33BCD3BFB1D6AB6DB245B /* [CP] Embed Pods Frameworks */ = {
			isa = PBXShellScriptBuildPhase;
			buildActionMask = 2147483647;
			files = (
			);
			inputFileListPaths = (
				"${PODS_ROOT}/Target Support Files/Pods-Discover-DiscoverUITests/Pods-Discover-DiscoverUITests-frameworks-${CONFIGURATION}-input-files.xcfilelist",
			);
			name = "[CP] Embed Pods Frameworks";
			outputFileListPaths = (
				"${PODS_ROOT}/Target Support Files/Pods-Discover-DiscoverUITests/Pods-Discover-DiscoverUITests-frameworks-${CONFIGURATION}-output-files.xcfilelist",
			);
			runOnlyForDeploymentPostprocessing = 0;
			shellPath = /bin/sh;
			shellScript = "\"${PODS_ROOT}/Target Support Files/Pods-Discover-DiscoverUITests/Pods-Discover-DiscoverUITests-frameworks.sh\"\n";
			showEnvVarsInLog = 0;
		};
		7F00D11A42E3C686F3AAA884 /* [CP] Check Pods Manifest.lock */ = {
			isa = PBXShellScriptBuildPhase;
			buildActionMask = 2147483647;
			files = (
			);
			inputFileListPaths = (
			);
			inputPaths = (
				"${PODS_PODFILE_DIR_PATH}/Podfile.lock",
				"${PODS_ROOT}/Manifest.lock",
			);
			name = "[CP] Check Pods Manifest.lock";
			outputFileListPaths = (
			);
			outputPaths = (
				"$(DERIVED_FILE_DIR)/Pods-Discover-checkManifestLockResult.txt",
			);
			runOnlyForDeploymentPostprocessing = 0;
			shellPath = /bin/sh;
			shellScript = "diff \"${PODS_PODFILE_DIR_PATH}/Podfile.lock\" \"${PODS_ROOT}/Manifest.lock\" > /dev/null\nif [ $? != 0 ] ; then\n    # print error to STDERR\n    echo \"error: The sandbox is not in sync with the Podfile.lock. Run 'pod install' or update your CocoaPods installation.\" >&2\n    exit 1\nfi\n# This output is used by Xcode 'outputs' to avoid re-running this script phase.\necho \"SUCCESS\" > \"${SCRIPT_OUTPUT_FILE_0}\"\n";
			showEnvVarsInLog = 0;
		};
		AFEC878412197DE86F60A41B /* [CP] Check Pods Manifest.lock */ = {
			isa = PBXShellScriptBuildPhase;
			buildActionMask = 2147483647;
			files = (
			);
			inputFileListPaths = (
			);
			inputPaths = (
				"${PODS_PODFILE_DIR_PATH}/Podfile.lock",
				"${PODS_ROOT}/Manifest.lock",
			);
			name = "[CP] Check Pods Manifest.lock";
			outputFileListPaths = (
			);
			outputPaths = (
				"$(DERIVED_FILE_DIR)/Pods-DiscoverTests-checkManifestLockResult.txt",
			);
			runOnlyForDeploymentPostprocessing = 0;
			shellPath = /bin/sh;
			shellScript = "diff \"${PODS_PODFILE_DIR_PATH}/Podfile.lock\" \"${PODS_ROOT}/Manifest.lock\" > /dev/null\nif [ $? != 0 ] ; then\n    # print error to STDERR\n    echo \"error: The sandbox is not in sync with the Podfile.lock. Run 'pod install' or update your CocoaPods installation.\" >&2\n    exit 1\nfi\n# This output is used by Xcode 'outputs' to avoid re-running this script phase.\necho \"SUCCESS\" > \"${SCRIPT_OUTPUT_FILE_0}\"\n";
			showEnvVarsInLog = 0;
		};
		B654E9555121775C277342E2 /* [CP] Embed Pods Frameworks */ = {
			isa = PBXShellScriptBuildPhase;
			buildActionMask = 2147483647;
			files = (
			);
			inputFileListPaths = (
				"${PODS_ROOT}/Target Support Files/Pods-Discover/Pods-Discover-frameworks-${CONFIGURATION}-input-files.xcfilelist",
			);
			name = "[CP] Embed Pods Frameworks";
			outputFileListPaths = (
				"${PODS_ROOT}/Target Support Files/Pods-Discover/Pods-Discover-frameworks-${CONFIGURATION}-output-files.xcfilelist",
			);
			runOnlyForDeploymentPostprocessing = 0;
			shellPath = /bin/sh;
			shellScript = "\"${PODS_ROOT}/Target Support Files/Pods-Discover/Pods-Discover-frameworks.sh\"\n";
			showEnvVarsInLog = 0;
		};
/* End PBXShellScriptBuildPhase section */

/* Begin PBXSourcesBuildPhase section */
		407760E623883A5200A8398F /* Sources */ = {
			isa = PBXSourcesBuildPhase;
			buildActionMask = 2147483647;
			files = (
				40C971E923894F3B006AA49E /* DiscoverViewController.swift in Sources */,
				40C971E223894CE5006AA49E /* ProfileViewController.swift in Sources */,
				40C971E0238936C7006AA49E /* InitialViewController.swift in Sources */,
				407760EE23883A5200A8398F /* AppDelegate.swift in Sources */,
				40C971E623894D5B006AA49E /* HomeViewController.swift in Sources */,
				40C971E423894CF6006AA49E /* NotificationViewController.swift in Sources */,
				407760F023883A5200A8398F /* SceneDelegate.swift in Sources */,
				40C971DE238935CE006AA49E /* SignUpViewController.swift in Sources */,
				4077612023883C2300A8398F /* SignInViewController.swift in Sources */,
			);
			runOnlyForDeploymentPostprocessing = 0;
		};
		407760FC23883A6200A8398F /* Sources */ = {
			isa = PBXSourcesBuildPhase;
			buildActionMask = 2147483647;
			files = (
				4077610523883A6200A8398F /* DiscoverTests.swift in Sources */,
			);
			runOnlyForDeploymentPostprocessing = 0;
		};
		4077610723883A6200A8398F /* Sources */ = {
			isa = PBXSourcesBuildPhase;
			buildActionMask = 2147483647;
			files = (
				4077611023883A6300A8398F /* DiscoverUITests.swift in Sources */,
			);
			runOnlyForDeploymentPostprocessing = 0;
		};
/* End PBXSourcesBuildPhase section */

/* Begin PBXTargetDependency section */
		4077610223883A6200A8398F /* PBXTargetDependency */ = {
			isa = PBXTargetDependency;
			target = 407760E923883A5200A8398F /* Discover */;
			targetProxy = 4077610123883A6200A8398F /* PBXContainerItemProxy */;
		};
		4077610D23883A6200A8398F /* PBXTargetDependency */ = {
			isa = PBXTargetDependency;
			target = 407760E923883A5200A8398F /* Discover */;
			targetProxy = 4077610C23883A6200A8398F /* PBXContainerItemProxy */;
		};
/* End PBXTargetDependency section */

/* Begin PBXVariantGroup section */
		407760F323883A5200A8398F /* Main.storyboard */ = {
			isa = PBXVariantGroup;
			children = (
				407760F423883A5200A8398F /* Base */,
			);
			name = Main.storyboard;
			sourceTree = "<group>";
		};
		407760F823883A6200A8398F /* LaunchScreen.storyboard */ = {
			isa = PBXVariantGroup;
			children = (
				407760F923883A6200A8398F /* Base */,
			);
			name = LaunchScreen.storyboard;
			sourceTree = "<group>";
		};
/* End PBXVariantGroup section */

/* Begin XCBuildConfiguration section */
		4077611223883A6300A8398F /* Debug */ = {
			isa = XCBuildConfiguration;
			buildSettings = {
				ALWAYS_SEARCH_USER_PATHS = NO;
				CLANG_ANALYZER_NONNULL = YES;
				CLANG_ANALYZER_NUMBER_OBJECT_CONVERSION = YES_AGGRESSIVE;
				CLANG_CXX_LANGUAGE_STANDARD = "gnu++14";
				CLANG_CXX_LIBRARY = "libc++";
				CLANG_ENABLE_MODULES = YES;
				CLANG_ENABLE_OBJC_ARC = YES;
				CLANG_ENABLE_OBJC_WEAK = YES;
				CLANG_WARN_BLOCK_CAPTURE_AUTORELEASING = YES;
				CLANG_WARN_BOOL_CONVERSION = YES;
				CLANG_WARN_COMMA = YES;
				CLANG_WARN_CONSTANT_CONVERSION = YES;
				CLANG_WARN_DEPRECATED_OBJC_IMPLEMENTATIONS = YES;
				CLANG_WARN_DIRECT_OBJC_ISA_USAGE = YES_ERROR;
				CLANG_WARN_DOCUMENTATION_COMMENTS = YES;
				CLANG_WARN_EMPTY_BODY = YES;
				CLANG_WARN_ENUM_CONVERSION = YES;
				CLANG_WARN_INFINITE_RECURSION = YES;
				CLANG_WARN_INT_CONVERSION = YES;
				CLANG_WARN_NON_LITERAL_NULL_CONVERSION = YES;
				CLANG_WARN_OBJC_IMPLICIT_RETAIN_SELF = YES;
				CLANG_WARN_OBJC_LITERAL_CONVERSION = YES;
				CLANG_WARN_OBJC_ROOT_CLASS = YES_ERROR;
				CLANG_WARN_RANGE_LOOP_ANALYSIS = YES;
				CLANG_WARN_STRICT_PROTOTYPES = YES;
				CLANG_WARN_SUSPICIOUS_MOVE = YES;
				CLANG_WARN_UNGUARDED_AVAILABILITY = YES_AGGRESSIVE;
				CLANG_WARN_UNREACHABLE_CODE = YES;
				CLANG_WARN__DUPLICATE_METHOD_MATCH = YES;
				COPY_PHASE_STRIP = NO;
				DEBUG_INFORMATION_FORMAT = dwarf;
				ENABLE_STRICT_OBJC_MSGSEND = YES;
				ENABLE_TESTABILITY = YES;
				GCC_C_LANGUAGE_STANDARD = gnu11;
				GCC_DYNAMIC_NO_PIC = NO;
				GCC_NO_COMMON_BLOCKS = YES;
				GCC_OPTIMIZATION_LEVEL = 0;
				GCC_PREPROCESSOR_DEFINITIONS = (
					"DEBUG=1",
					"$(inherited)",
				);
				GCC_WARN_64_TO_32_BIT_CONVERSION = YES;
				GCC_WARN_ABOUT_RETURN_TYPE = YES_ERROR;
				GCC_WARN_UNDECLARED_SELECTOR = YES;
				GCC_WARN_UNINITIALIZED_AUTOS = YES_AGGRESSIVE;
				GCC_WARN_UNUSED_FUNCTION = YES;
				GCC_WARN_UNUSED_VARIABLE = YES;
				IPHONEOS_DEPLOYMENT_TARGET = 13.2;
				MTL_ENABLE_DEBUG_INFO = INCLUDE_SOURCE;
				MTL_FAST_MATH = YES;
				ONLY_ACTIVE_ARCH = YES;
				SDKROOT = iphoneos;
				SWIFT_ACTIVE_COMPILATION_CONDITIONS = DEBUG;
				SWIFT_OPTIMIZATION_LEVEL = "-Onone";
			};
			name = Debug;
		};
		4077611323883A6300A8398F /* Release */ = {
			isa = XCBuildConfiguration;
			buildSettings = {
				ALWAYS_SEARCH_USER_PATHS = NO;
				CLANG_ANALYZER_NONNULL = YES;
				CLANG_ANALYZER_NUMBER_OBJECT_CONVERSION = YES_AGGRESSIVE;
				CLANG_CXX_LANGUAGE_STANDARD = "gnu++14";
				CLANG_CXX_LIBRARY = "libc++";
				CLANG_ENABLE_MODULES = YES;
				CLANG_ENABLE_OBJC_ARC = YES;
				CLANG_ENABLE_OBJC_WEAK = YES;
				CLANG_WARN_BLOCK_CAPTURE_AUTORELEASING = YES;
				CLANG_WARN_BOOL_CONVERSION = YES;
				CLANG_WARN_COMMA = YES;
				CLANG_WARN_CONSTANT_CONVERSION = YES;
				CLANG_WARN_DEPRECATED_OBJC_IMPLEMENTATIONS = YES;
				CLANG_WARN_DIRECT_OBJC_ISA_USAGE = YES_ERROR;
				CLANG_WARN_DOCUMENTATION_COMMENTS = YES;
				CLANG_WARN_EMPTY_BODY = YES;
				CLANG_WARN_ENUM_CONVERSION = YES;
				CLANG_WARN_INFINITE_RECURSION = YES;
				CLANG_WARN_INT_CONVERSION = YES;
				CLANG_WARN_NON_LITERAL_NULL_CONVERSION = YES;
				CLANG_WARN_OBJC_IMPLICIT_RETAIN_SELF = YES;
				CLANG_WARN_OBJC_LITERAL_CONVERSION = YES;
				CLANG_WARN_OBJC_ROOT_CLASS = YES_ERROR;
				CLANG_WARN_RANGE_LOOP_ANALYSIS = YES;
				CLANG_WARN_STRICT_PROTOTYPES = YES;
				CLANG_WARN_SUSPICIOUS_MOVE = YES;
				CLANG_WARN_UNGUARDED_AVAILABILITY = YES_AGGRESSIVE;
				CLANG_WARN_UNREACHABLE_CODE = YES;
				CLANG_WARN__DUPLICATE_METHOD_MATCH = YES;
				COPY_PHASE_STRIP = NO;
				DEBUG_INFORMATION_FORMAT = "dwarf-with-dsym";
				ENABLE_NS_ASSERTIONS = NO;
				ENABLE_STRICT_OBJC_MSGSEND = YES;
				GCC_C_LANGUAGE_STANDARD = gnu11;
				GCC_NO_COMMON_BLOCKS = YES;
				GCC_WARN_64_TO_32_BIT_CONVERSION = YES;
				GCC_WARN_ABOUT_RETURN_TYPE = YES_ERROR;
				GCC_WARN_UNDECLARED_SELECTOR = YES;
				GCC_WARN_UNINITIALIZED_AUTOS = YES_AGGRESSIVE;
				GCC_WARN_UNUSED_FUNCTION = YES;
				GCC_WARN_UNUSED_VARIABLE = YES;
				IPHONEOS_DEPLOYMENT_TARGET = 13.2;
				MTL_ENABLE_DEBUG_INFO = NO;
				MTL_FAST_MATH = YES;
				SDKROOT = iphoneos;
				SWIFT_COMPILATION_MODE = wholemodule;
				SWIFT_OPTIMIZATION_LEVEL = "-O";
				VALIDATE_PRODUCT = YES;
			};
			name = Release;
		};
		4077611523883A6300A8398F /* Debug */ = {
			isa = XCBuildConfiguration;
			baseConfigurationReference = B2D311CE99F6135BBF5D9542 /* Pods-Discover.debug.xcconfig */;
			buildSettings = {
				ASSETCATALOG_COMPILER_APPICON_NAME = AppIcon;
				CODE_SIGN_STYLE = Automatic;
				DEVELOPMENT_TEAM = LG5NT8RKZ3;
				INFOPLIST_FILE = Discover/Info.plist;
				LD_RUNPATH_SEARCH_PATHS = (
					"$(inherited)",
					"@executable_path/Frameworks",
				);
				PRODUCT_BUNDLE_IDENTIFIER = com.photoapp.Discover;
				PRODUCT_NAME = "$(TARGET_NAME)";
				SWIFT_VERSION = 5.0;
				TARGETED_DEVICE_FAMILY = "1,2";
			};
			name = Debug;
		};
		4077611623883A6300A8398F /* Release */ = {
			isa = XCBuildConfiguration;
			baseConfigurationReference = B3FA3A650DE14249CF929E6F /* Pods-Discover.release.xcconfig */;
			buildSettings = {
				ASSETCATALOG_COMPILER_APPICON_NAME = AppIcon;
				CODE_SIGN_STYLE = Automatic;
				DEVELOPMENT_TEAM = LG5NT8RKZ3;
				INFOPLIST_FILE = Discover/Info.plist;
				LD_RUNPATH_SEARCH_PATHS = (
					"$(inherited)",
					"@executable_path/Frameworks",
				);
				PRODUCT_BUNDLE_IDENTIFIER = com.photoapp.Discover;
				PRODUCT_NAME = "$(TARGET_NAME)";
				SWIFT_VERSION = 5.0;
				TARGETED_DEVICE_FAMILY = "1,2";
			};
			name = Release;
		};
		4077611823883A6300A8398F /* Debug */ = {
			isa = XCBuildConfiguration;
			baseConfigurationReference = 4F04750E41432CC1B95F21FC /* Pods-DiscoverTests.debug.xcconfig */;
			buildSettings = {
				ALWAYS_EMBED_SWIFT_STANDARD_LIBRARIES = YES;
				BUNDLE_LOADER = "$(TEST_HOST)";
				CODE_SIGN_STYLE = Automatic;
				DEVELOPMENT_TEAM = LG5NT8RKZ3;
				INFOPLIST_FILE = DiscoverTests/Info.plist;
				IPHONEOS_DEPLOYMENT_TARGET = 13.2;
				LD_RUNPATH_SEARCH_PATHS = (
					"$(inherited)",
					"@executable_path/Frameworks",
					"@loader_path/Frameworks",
				);
				PRODUCT_BUNDLE_IDENTIFIER = com.photoapp.DiscoverTests;
				PRODUCT_NAME = "$(TARGET_NAME)";
				SWIFT_VERSION = 5.0;
				TARGETED_DEVICE_FAMILY = "1,2";
				TEST_HOST = "$(BUILT_PRODUCTS_DIR)/Discover.app/Discover";
			};
			name = Debug;
		};
		4077611923883A6300A8398F /* Release */ = {
			isa = XCBuildConfiguration;
			baseConfigurationReference = F4EDC63DC1DCF7A7945A036E /* Pods-DiscoverTests.release.xcconfig */;
			buildSettings = {
				ALWAYS_EMBED_SWIFT_STANDARD_LIBRARIES = YES;
				BUNDLE_LOADER = "$(TEST_HOST)";
				CODE_SIGN_STYLE = Automatic;
				DEVELOPMENT_TEAM = LG5NT8RKZ3;
				INFOPLIST_FILE = DiscoverTests/Info.plist;
				IPHONEOS_DEPLOYMENT_TARGET = 13.2;
				LD_RUNPATH_SEARCH_PATHS = (
					"$(inherited)",
					"@executable_path/Frameworks",
					"@loader_path/Frameworks",
				);
				PRODUCT_BUNDLE_IDENTIFIER = com.photoapp.DiscoverTests;
				PRODUCT_NAME = "$(TARGET_NAME)";
				SWIFT_VERSION = 5.0;
				TARGETED_DEVICE_FAMILY = "1,2";
				TEST_HOST = "$(BUILT_PRODUCTS_DIR)/Discover.app/Discover";
			};
			name = Release;
		};
		4077611B23883A6300A8398F /* Debug */ = {
			isa = XCBuildConfiguration;
			baseConfigurationReference = 216DA6C8E617EF542924710A /* Pods-Discover-DiscoverUITests.debug.xcconfig */;
			buildSettings = {
				ALWAYS_EMBED_SWIFT_STANDARD_LIBRARIES = YES;
				CODE_SIGN_STYLE = Automatic;
				DEVELOPMENT_TEAM = LG5NT8RKZ3;
				INFOPLIST_FILE = DiscoverUITests/Info.plist;
				LD_RUNPATH_SEARCH_PATHS = (
					"$(inherited)",
					"@executable_path/Frameworks",
					"@loader_path/Frameworks",
				);
				PRODUCT_BUNDLE_IDENTIFIER = com.photoapp.DiscoverUITests;
				PRODUCT_NAME = "$(TARGET_NAME)";
				SWIFT_VERSION = 5.0;
				TARGETED_DEVICE_FAMILY = "1,2";
				TEST_TARGET_NAME = Discover;
			};
			name = Debug;
		};
		4077611C23883A6300A8398F /* Release */ = {
			isa = XCBuildConfiguration;
			baseConfigurationReference = 13FACAB5965660E55456E6C5 /* Pods-Discover-DiscoverUITests.release.xcconfig */;
			buildSettings = {
				ALWAYS_EMBED_SWIFT_STANDARD_LIBRARIES = YES;
				CODE_SIGN_STYLE = Automatic;
				DEVELOPMENT_TEAM = LG5NT8RKZ3;
				INFOPLIST_FILE = DiscoverUITests/Info.plist;
				LD_RUNPATH_SEARCH_PATHS = (
					"$(inherited)",
					"@executable_path/Frameworks",
					"@loader_path/Frameworks",
				);
				PRODUCT_BUNDLE_IDENTIFIER = com.photoapp.DiscoverUITests;
				PRODUCT_NAME = "$(TARGET_NAME)";
				SWIFT_VERSION = 5.0;
				TARGETED_DEVICE_FAMILY = "1,2";
				TEST_TARGET_NAME = Discover;
			};
			name = Release;
		};
/* End XCBuildConfiguration section */

/* Begin XCConfigurationList section */
		407760E523883A5200A8398F /* Build configuration list for PBXProject "Discover" */ = {
			isa = XCConfigurationList;
			buildConfigurations = (
				4077611223883A6300A8398F /* Debug */,
				4077611323883A6300A8398F /* Release */,
			);
			defaultConfigurationIsVisible = 0;
			defaultConfigurationName = Release;
		};
		4077611423883A6300A8398F /* Build configuration list for PBXNativeTarget "Discover" */ = {
			isa = XCConfigurationList;
			buildConfigurations = (
				4077611523883A6300A8398F /* Debug */,
				4077611623883A6300A8398F /* Release */,
			);
			defaultConfigurationIsVisible = 0;
			defaultConfigurationName = Release;
		};
		4077611723883A6300A8398F /* Build configuration list for PBXNativeTarget "DiscoverTests" */ = {
			isa = XCConfigurationList;
			buildConfigurations = (
				4077611823883A6300A8398F /* Debug */,
				4077611923883A6300A8398F /* Release */,
			);
			defaultConfigurationIsVisible = 0;
			defaultConfigurationName = Release;
		};
		4077611A23883A6300A8398F /* Build configuration list for PBXNativeTarget "DiscoverUITests" */ = {
			isa = XCConfigurationList;
			buildConfigurations = (
				4077611B23883A6300A8398F /* Debug */,
				4077611C23883A6300A8398F /* Release */,
			);
			defaultConfigurationIsVisible = 0;
			defaultConfigurationName = Release;
		};
/* End XCConfigurationList section */
	};
	rootObject = 407760E223883A5200A8398F /* Project object */;
}
